PODS:
  - FBSnapshotTestCase (2.1.4):
    - FBSnapshotTestCase/SwiftSupport (= 2.1.4)
  - FBSnapshotTestCase/Core (2.1.4)
  - FBSnapshotTestCase/SwiftSupport (2.1.4):
    - FBSnapshotTestCase/Core
  - LLNetWorking (0.1.0)

DEPENDENCIES:
  - FBSnapshotTestCase
  - LLNetWorking (from `../`)

SPEC REPOS:
  trunk:
    - FBSnapshotTestCase

EXTERNAL SOURCES:
  LLNetWorking:
    :path: "../"

SPEC CHECKSUMS:
  FBSnapshotTestCase: 094f9f314decbabe373b87cc339bea235a63e07a
  LLNetWorking: 2e848f4f580acb9ba8c099ea58d80e073f92f1ee

PODFILE CHECKSUM: 983924b323b2161b90a6864a77d7960a15299097

COCOAPODS: 1.9.3
